
Microsoft Visual Studio Solution File, Format Version 12.00
# Visual Studio Version 17
VisualStudioVersion = 17.5.33502.453
MinimumVisualStudioVersion = 10.0.40219.1
Project("{FAE04EC0-301F-11D3-BF4B-00C04F79EFBC}") = "AdviceGeneratorWebApp", "AdviceGeneratorWebApp.csproj", "{A97A5731-7856-4BC7-9940-35B26889AFA1}"
EndProject
Global
	GlobalSection(SolutionConfigurationPlatforms) = preSolution
		Debug|Any CPU = Debug|Any CPU
		Release|Any CPU = Release|Any CPU
	EndGlobalSection
	GlobalSection(ProjectConfigurationPlatforms) = postSolution
		{A97A5731-7856-4BC7-9940-35B26889AFA1}.Debug|Any CPU.ActiveCfg = Debug|Any CPU
		{A97A5731-7856-4BC7-9940-35B26889AFA1}.Debug|Any CPU.Build.0 = Debug|Any CPU
		{A97A5731-7856-4BC7-9940-35B26889AFA1}.Release|Any CPU.ActiveCfg = Release|Any CPU
		{A97A5731-7856-4BC7-9940-35B26889AFA1}.Release|Any CPU.Build.0 = Release|Any CPU
	EndGlobalSection
	GlobalSection(SolutionProperties) = preSolution
		HideSolutionNode = FALSE
	EndGlobalSection
	GlobalSection(ExtensibilityGlobals) = postSolution
		SolutionGuid = {6766718C-25D0-439A-A006-E2534C95217D}
	EndGlobalSection
EndGlobal
